
Microsoft Visual Studio Solution File, Format Version 12.00
# Visual Studio 15
VisualStudioVersion = 15.0.28307.329
MinimumVisualStudioVersion = 10.0.40219.1
Project("{9A19103F-16F7-4668-BE54-9A1E7A4F7556}") = "ProCoding.Demos.ASPNETCore.Walkthrough", "ProCoding.Demos.ASPNETCore.Walkthrough.csproj", "{7954D2EA-DCC3-4E68-937B-ECC2C8CC80DC}"
EndProject
Global
	GlobalSection(SolutionConfigurationPlatforms) = preSolution
		Debug|Any CPU = Debug|Any CPU
		Release|Any CPU = Release|Any CPU
	EndGlobalSection
	GlobalSection(ProjectConfigurationPlatforms) = postSolution
		{7954D2EA-DCC3-4E68-937B-ECC2C8CC80DC}.Debug|Any CPU.ActiveCfg = Debug|Any CPU
		{7954D2EA-DCC3-4E68-937B-ECC2C8CC80DC}.Debug|Any CPU.Build.0 = Debug|Any CPU
		{7954D2EA-DCC3-4E68-937B-ECC2C8CC80DC}.Release|Any CPU.ActiveCfg = Release|Any CPU
		{7954D2EA-DCC3-4E68-937B-ECC2C8CC80DC}.Release|Any CPU.Build.0 = Release|Any CPU
	EndGlobalSection
	GlobalSection(SolutionProperties) = preSolution
		HideSolutionNode = FALSE
	EndGlobalSection
	GlobalSection(ExtensibilityGlobals) = postSolution
		SolutionGuid = {AC0359E7-A27C-4F93-941C-6C3DF6AFE4AA}
	EndGlobalSection
EndGlobal
